
Microsoft Visual Studio Solution File, Format Version 12.00
# Visual Studio Version 17
VisualStudioVersion = 17.5.002.0
MinimumVisualStudioVersion = 10.0.40219.1
Project("{9A19103F-16F7-4668-BE54-9A1E7A4F7556}") = "EmailManeger", "EmailManeger.csproj", "{83CEC34E-6989-413D-800F-A66FA0A9B939}"
EndProject
Global
	GlobalSection(SolutionConfigurationPlatforms) = preSolution
		Debug|Any CPU = Debug|Any CPU
		Release|Any CPU = Release|Any CPU
	EndGlobalSection
	GlobalSection(ProjectConfigurationPlatforms) = postSolution
		{83CEC34E-6989-413D-800F-A66FA0A9B939}.Debug|Any CPU.ActiveCfg = Debug|Any CPU
		{83CEC34E-6989-413D-800F-A66FA0A9B939}.Debug|Any CPU.Build.0 = Debug|Any CPU
		{83CEC34E-6989-413D-800F-A66FA0A9B939}.Release|Any CPU.ActiveCfg = Release|Any CPU
		{83CEC34E-6989-413D-800F-A66FA0A9B939}.Release|Any CPU.Build.0 = Release|Any CPU
		{209A0EBB-59D3-480D-A43F-D36F39CB2671}.Debug|Any CPU.ActiveCfg = Debug|Any CPU
		{209A0EBB-59D3-480D-A43F-D36F39CB2671}.Debug|Any CPU.Build.0 = Debug|Any CPU
		{209A0EBB-59D3-480D-A43F-D36F39CB2671}.Release|Any CPU.ActiveCfg = Release|Any CPU
		{209A0EBB-59D3-480D-A43F-D36F39CB2671}.Release|Any CPU.Build.0 = Release|Any CPU
	EndGlobalSection
	GlobalSection(SolutionProperties) = preSolution
		HideSolutionNode = FALSE
	EndGlobalSection
	GlobalSection(ExtensibilityGlobals) = postSolution
		SolutionGuid = {5DD8936B-949E-4D77-89B5-68FC4092BD4D}
	EndGlobalSection
EndGlobal
